
Microsoft Visual Studio Solution File, Format Version 12.00
# Visual Studio Version 16
VisualStudioVersion = 16.0.31911.196
MinimumVisualStudioVersion = 10.0.40219.1
Project("{FAE04EC0-301F-11D3-BF4B-00C04F79EFBC}") = "CapaPresentacion", "CapaPresentacion\CapaPresentacion.csproj", "{CCDBA85E-A0F0-4595-B13C-943F0CE66668}"
EndProject
Project("{FAE04EC0-301F-11D3-BF4B-00C04F79EFBC}") = "CapaEntidad", "CapaEntidad\CapaEntidad.csproj", "{6885B285-41EF-41D5-9C3F-0AC8AA58B0D5}"
EndProject
Project("{FAE04EC0-301F-11D3-BF4B-00C04F79EFBC}") = "CapaNegocio", "CapaNegocio\CapaNegocio.csproj", "{C67444AE-2DE8-430F-B3F5-69AE43D93195}"
EndProject
Project("{FAE04EC0-301F-11D3-BF4B-00C04F79EFBC}") = "CapaDatos", "CapaDatos\CapaDatos.csproj", "{293620AA-5480-4822-A481-30C1801687CD}"
EndProject
Global
	GlobalSection(SolutionConfigurationPlatforms) = preSolution
		Debug|Any CPU = Debug|Any CPU
		Release|Any CPU = Release|Any CPU
	EndGlobalSection
	GlobalSection(ProjectConfigurationPlatforms) = postSolution
		{CCDBA85E-A0F0-4595-B13C-943F0CE66668}.Debug|Any CPU.ActiveCfg = Debug|Any CPU
		{CCDBA85E-A0F0-4595-B13C-943F0CE66668}.Debug|Any CPU.Build.0 = Debug|Any CPU
		{CCDBA85E-A0F0-4595-B13C-943F0CE66668}.Release|Any CPU.ActiveCfg = Release|Any CPU
		{CCDBA85E-A0F0-4595-B13C-943F0CE66668}.Release|Any CPU.Build.0 = Release|Any CPU
		{6885B285-41EF-41D5-9C3F-0AC8AA58B0D5}.Debug|Any CPU.ActiveCfg = Debug|Any CPU
		{6885B285-41EF-41D5-9C3F-0AC8AA58B0D5}.Debug|Any CPU.Build.0 = Debug|Any CPU
		{6885B285-41EF-41D5-9C3F-0AC8AA58B0D5}.Release|Any CPU.ActiveCfg = Release|Any CPU
		{6885B285-41EF-41D5-9C3F-0AC8AA58B0D5}.Release|Any CPU.Build.0 = Release|Any CPU
		{C67444AE-2DE8-430F-B3F5-69AE43D93195}.Debug|Any CPU.ActiveCfg = Debug|Any CPU
		{C67444AE-2DE8-430F-B3F5-69AE43D93195}.Debug|Any CPU.Build.0 = Debug|Any CPU
		{C67444AE-2DE8-430F-B3F5-69AE43D93195}.Release|Any CPU.ActiveCfg = Release|Any CPU
		{C67444AE-2DE8-430F-B3F5-69AE43D93195}.Release|Any CPU.Build.0 = Release|Any CPU
		{293620AA-5480-4822-A481-30C1801687CD}.Debug|Any CPU.ActiveCfg = Debug|Any CPU
		{293620AA-5480-4822-A481-30C1801687CD}.Debug|Any CPU.Build.0 = Debug|Any CPU
		{293620AA-5480-4822-A481-30C1801687CD}.Release|Any CPU.ActiveCfg = Release|Any CPU
		{293620AA-5480-4822-A481-30C1801687CD}.Release|Any CPU.Build.0 = Release|Any CPU
	EndGlobalSection
	GlobalSection(SolutionProperties) = preSolution
		HideSolutionNode = FALSE
	EndGlobalSection
	GlobalSection(ExtensibilityGlobals) = postSolution
		SolutionGuid = {88F86CAC-15C7-4BCF-875D-2214BB98C6EB}
	EndGlobalSection
EndGlobal
